{
  "name": "f1tele",
  "version": "1.0.0",
  "lockfileVersion": 2,
  "requires": true,
  "packages": {
    "": {
      "name": "f1tele",
      "version": "1.0.0",
      "license": "ISC",
      "dependencies": {
        "@racehub-io/f1-telemetry-client": "^0.2.8"
      }
    },
    "node_modules/@racehub-io/f1-telemetry-client": {
      "version": "0.2.8",
      "resolved": "https://registry.npmjs.org/@racehub-io/f1-telemetry-client/-/f1-telemetry-client-0.2.8.tgz",
      "integrity": "sha512-cXJAgpn8SmJ+ukPWABlt6qHBdQKUV6G9/rT1V8uk1ZYLhlMP1kzycReHOUCnCoiIlKDnbTeJaMivbVI/NaIs5Q==",
      "dependencies": {
        "binary-parser": "^1.5.0",
        "struct": "^0.0.12"
      }
    },
    "node_modules/binary-parser": {
      "version": "1.9.2",
      "resolved": "https://registry.npmjs.org/binary-parser/-/binary-parser-1.9.2.tgz",
      "integrity": "sha512-aQvTapiRIV/x7bAaR2KT3Ptyjff4R8i1zxljgw/Je2kUt0babNPUdtuo7AKN4CWklyzPK4u5e99Z9/3Ib03u9w==",
      "dependencies": {
        "fast-text-encoding": "^1.0.3"
      },
      "engines": {
        "node": ">=10"
      }
    },
    "node_modules/fast-text-encoding": {
      "version": "1.0.4",
      "resolved": "https://registry.npmjs.org/fast-text-encoding/-/fast-text-encoding-1.0.4.tgz",
      "integrity": "sha512-x6lDDm/tBAzX9kmsPcZsNbvDs3Zey3+scsxaZElS8xWLgUMAg/oFLeewfUz0mu1CblHhhsu15jGkraldkFh8KQ=="
    },
    "node_modules/struct": {
      "version": "0.0.12",
      "resolved": "https://registry.npmjs.org/struct/-/struct-0.0.12.tgz",
      "integrity": "sha512-PV2nfc79Od13idbDWQZcsBZlmeDTdPP67cOYTUWZfYE77MWGhEGgGIAFtpO1UdOvDzB3I//jbFaA09JXNRAO3A==",
      "engines": {
        "node": ">0.6.0"
      }
    }
  },
  "dependencies": {
    "@racehub-io/f1-telemetry-client": {
      "version": "0.2.8",
      "resolved": "https://registry.npmjs.org/@racehub-io/f1-telemetry-client/-/f1-telemetry-client-0.2.8.tgz",
      "integrity": "sha512-cXJAgpn8SmJ+ukPWABlt6qHBdQKUV6G9/rT1V8uk1ZYLhlMP1kzycReHOUCnCoiIlKDnbTeJaMivbVI/NaIs5Q==",
      "requires": {
        "binary-parser": "^1.5.0",
        "struct": "^0.0.12"
      }
    },
    "binary-parser": {
      "version": "1.9.2",
      "resolved": "https://registry.npmjs.org/binary-parser/-/binary-parser-1.9.2.tgz",
      "integrity": "sha512-aQvTapiRIV/x7bAaR2KT3Ptyjff4R8i1zxljgw/Je2kUt0babNPUdtuo7AKN4CWklyzPK4u5e99Z9/3Ib03u9w==",
      "requires": {
        "fast-text-encoding": "^1.0.3"
      }
    },
    "fast-text-encoding": {
      "version": "1.0.4",
      "resolved": "https://registry.npmjs.org/fast-text-encoding/-/fast-text-encoding-1.0.4.tgz",
      "integrity": "sha512-x6lDDm/tBAzX9kmsPcZsNbvDs3Zey3+scsxaZElS8xWLgUMAg/oFLeewfUz0mu1CblHhhsu15jGkraldkFh8KQ=="
    },
    "struct": {
      "version": "0.0.12",
      "resolved": "https://registry.npmjs.org/struct/-/struct-0.0.12.tgz",
      "integrity": "sha512-PV2nfc79Od13idbDWQZcsBZlmeDTdPP67cOYTUWZfYE77MWGhEGgGIAFtpO1UdOvDzB3I//jbFaA09JXNRAO3A=="
    }
  }
}
